
Microsoft Visual Studio Solution File, Format Version 12.00
# Visual Studio 2012
Project("{FAE04EC0-301F-11D3-BF4B-00C04F79EFBC}") = "final", "final\final.csproj", "{68197E92-EE80-47D1-8193-69261A7A0BAA}"
EndProject
Global
	GlobalSection(SolutionConfigurationPlatforms) = preSolution
		Debug|Any CPU = Debug|Any CPU
		Release|Any CPU = Release|Any CPU
	EndGlobalSection
	GlobalSection(ProjectConfigurationPlatforms) = postSolution
		{68197E92-EE80-47D1-8193-69261A7A0BAA}.Debug|Any CPU.ActiveCfg = Debug|Any CPU
		{68197E92-EE80-47D1-8193-69261A7A0BAA}.Debug|Any CPU.Build.0 = Debug|Any CPU
		{68197E92-EE80-47D1-8193-69261A7A0BAA}.Release|Any CPU.ActiveCfg = Release|Any CPU
		{68197E92-EE80-47D1-8193-69261A7A0BAA}.Release|Any CPU.Build.0 = Release|Any CPU
	EndGlobalSection
	GlobalSection(SolutionProperties) = preSolution
		HideSolutionNode = FALSE
	EndGlobalSection
EndGlobal
